
Microsoft Visual Studio Solution File, Format Version 12.00
# Visual Studio Version 17
VisualStudioVersion = 17.10.34928.147
MinimumVisualStudioVersion = 10.0.40219.1
Project("{8BC9CEB8-8B4A-11D0-8D11-00A0C91BC942}") = "Dz36", "Dz36\Dz36.vcxproj", "{B88D44C5-0ACD-42E1-B6EE-99FD72B37DBF}"
EndProject
Global
	GlobalSection(SolutionConfigurationPlatforms) = preSolution
		Debug|x64 = Debug|x64
		Debug|x86 = Debug|x86
		Release|x64 = Release|x64
		Release|x86 = Release|x86
	EndGlobalSection
	GlobalSection(ProjectConfigurationPlatforms) = postSolution
		{B88D44C5-0ACD-42E1-B6EE-99FD72B37DBF}.Debug|x64.ActiveCfg = Debug|x64
		{B88D44C5-0ACD-42E1-B6EE-99FD72B37DBF}.Debug|x64.Build.0 = Debug|x64
		{B88D44C5-0ACD-42E1-B6EE-99FD72B37DBF}.Debug|x86.ActiveCfg = Debug|Win32
		{B88D44C5-0ACD-42E1-B6EE-99FD72B37DBF}.Debug|x86.Build.0 = Debug|Win32
		{B88D44C5-0ACD-42E1-B6EE-99FD72B37DBF}.Release|x64.ActiveCfg = Release|x64
		{B88D44C5-0ACD-42E1-B6EE-99FD72B37DBF}.Release|x64.Build.0 = Release|x64
		{B88D44C5-0ACD-42E1-B6EE-99FD72B37DBF}.Release|x86.ActiveCfg = Release|Win32
		{B88D44C5-0ACD-42E1-B6EE-99FD72B37DBF}.Release|x86.Build.0 = Release|Win32
	EndGlobalSection
	GlobalSection(SolutionProperties) = preSolution
		HideSolutionNode = FALSE
	EndGlobalSection
	GlobalSection(ExtensibilityGlobals) = postSolution
		SolutionGuid = {4302A94B-46F9-490F-AE54-93A8F075388B}
	EndGlobalSection
EndGlobal
